
Microsoft Visual Studio Solution File, Format Version 12.00
# Visual Studio Version 17
VisualStudioVersion = 17.8.34309.116
MinimumVisualStudioVersion = 10.0.40219.1
Project("{FAE04EC0-301F-11D3-BF4B-00C04F79EFBC}") = "OpenBroker", "OpenBroker\OpenBroker.csproj", "{AFD3E134-0D15-4D4F-862B-D60F5E453438}"
EndProject
Global
	GlobalSection(SolutionConfigurationPlatforms) = preSolution
		Debug|Any CPU = Debug|Any CPU
		Release|Any CPU = Release|Any CPU
	EndGlobalSection
	GlobalSection(ProjectConfigurationPlatforms) = postSolution
		{AFD3E134-0D15-4D4F-862B-D60F5E453438}.Debug|Any CPU.ActiveCfg = Debug|Any CPU
		{AFD3E134-0D15-4D4F-862B-D60F5E453438}.Debug|Any CPU.Build.0 = Debug|Any CPU
		{AFD3E134-0D15-4D4F-862B-D60F5E453438}.Release|Any CPU.ActiveCfg = Release|Any CPU
		{AFD3E134-0D15-4D4F-862B-D60F5E453438}.Release|Any CPU.Build.0 = Release|Any CPU
	EndGlobalSection
	GlobalSection(SolutionProperties) = preSolution
		HideSolutionNode = FALSE
	EndGlobalSection
	GlobalSection(ExtensibilityGlobals) = postSolution
		SolutionGuid = {AAE834C9-42FE-4C78-B73A-A58074474CF3}
	EndGlobalSection
EndGlobal
